// !$*UTF8*$!
{
	archiveVersion = 1;
	classes = {
	};
	objectVersion = 46;
	objects = {

/* Begin PBXBuildFile section */
		132D9FCDADBD5AF20B7625D9 /* Pods_CocoaSwiftPlayer.framework in Frameworks */ = {isa = PBXBuildFile; fileRef = BCA171365BBA2136FF125C45 /* Pods_CocoaSwiftPlayer.framework */; };
		FE7CAAF71F2237750066FBF1 /* AppDelegate.swift in Sources */ = {isa = PBXBuildFile; fileRef = FE7CAAF61F2237750066FBF1 /* AppDelegate.swift */; };
		FE7CAAF91F2237750066FBF1 /* ViewController.swift in Sources */ = {isa = PBXBuildFile; fileRef = FE7CAAF81F2237750066FBF1 /* ViewController.swift */; };
		FE7CAAFB1F2237760066FBF1 /* Assets.xcassets in Resources */ = {isa = PBXBuildFile; fileRef = FE7CAAFA1F2237760066FBF1 /* Assets.xcassets */; };
		FE7CAAFE1F2237760066FBF1 /* Main.storyboard in Resources */ = {isa = PBXBuildFile; fileRef = FE7CAAFC1F2237760066FBF1 /* Main.storyboard */; };
/* End PBXBuildFile section */

/* Begin PBXFileReference section */
		1E36534D6E3C924E4D1F1369 /* Pods-CocoaSwiftPlayer.release.xcconfig */ = {isa = PBXFileReference; includeInIndex = 1; lastKnownFileType = text.xcconfig; name = "Pods-CocoaSwiftPlayer.release.xcconfig"; path = "Pods/Target Support Files/Pods-CocoaSwiftPlayer/Pods-CocoaSwiftPlayer.release.xcconfig"; sourceTree = "<group>"; };
		9C18C0A35C12729B9F3B5FF7 /* Pods-CocoaSwiftPlayer.debug.xcconfig */ = {isa = PBXFileReference; includeInIndex = 1; lastKnownFileType = text.xcconfig; name = "Pods-CocoaSwiftPlayer.debug.xcconfig"; path = "Pods/Target Support Files/Pods-CocoaSwiftPlayer/Pods-CocoaSwiftPlayer.debug.xcconfig"; sourceTree = "<group>"; };
		BCA171365BBA2136FF125C45 /* Pods_CocoaSwiftPlayer.framework */ = {isa = PBXFileReference; explicitFileType = wrapper.framework; includeInIndex = 0; path = Pods_CocoaSwiftPlayer.framework; sourceTree = BUILT_PRODUCTS_DIR; };
		FE7CAAF31F2237750066FBF1 /* CocoaSwiftPlayer.app */ = {isa = PBXFileReference; explicitFileType = wrapper.application; includeInIndex = 0; path = CocoaSwiftPlayer.app; sourceTree = BUILT_PRODUCTS_DIR; };
		FE7CAAF61F2237750066FBF1 /* AppDelegate.swift */ = {isa = PBXFileReference; lastKnownFileType = sourcecode.swift; path = AppDelegate.swift; sourceTree = "<group>"; };
		FE7CAAF81F2237750066FBF1 /* ViewController.swift */ = {isa = PBXFileReference; lastKnownFileType = sourcecode.swift; path = ViewController.swift; sourceTree = "<group>"; };
		FE7CAAFA1F2237760066FBF1 /* Assets.xcassets */ = {isa = PBXFileReference; lastKnownFileType = folder.assetcatalog; path = Assets.xcassets; sourceTree = "<group>"; };
		FE7CAAFD1F2237760066FBF1 /* Base */ = {isa = PBXFileReference; lastKnownFileType = file.storyboard; name = Base; path = Base.lproj/Main.storyboard; sourceTree = "<group>"; };
		FE7CAAFF1F2237760066FBF1 /* Info.plist */ = {isa = PBXFileReference; lastKnownFileType = text.plist.xml; path = Info.plist; sourceTree = "<group>"; };
/* End PBXFileReference section */

/* Begin PBXFrameworksBuildPhase section */
		FE7CAAF01F2237750066FBF1 /* Frameworks */ = {
			isa = PBXFrameworksBuildPhase;
			buildActionMask = 2147483647;
			files = (
				132D9FCDADBD5AF20B7625D9 /* Pods_CocoaSwiftPlayer.framework in Frameworks */,
			);
			runOnlyForDeploymentPostprocessing = 0;
		};
/* End PBXFrameworksBuildPhase section */

/* Begin PBXGroup section */
		1C3DF7778F7970F196D44210 /* Frameworks */ = {
			isa = PBXGroup;
			children = (
				BCA171365BBA2136FF125C45 /* Pods_CocoaSwiftPlayer.framework */,
			);
			name = Frameworks;
			sourceTree = "<group>";
		};
		F1B4276D47CF80F2B9813D12 /* Pods */ = {
			isa = PBXGroup;
			children = (
				9C18C0A35C12729B9F3B5FF7 /* Pods-CocoaSwiftPlayer.debug.xcconfig */,
				1E36534D6E3C924E4D1F1369 /* Pods-CocoaSwiftPlayer.release.xcconfig */,
			);
			name = Pods;
			sourceTree = "<group>";
		};
		FE7CAAEA1F2237750066FBF1 = {
			isa = PBXGroup;
			children = (
				FE7CAAF51F2237750066FBF1 /* CocoaSwiftPlayer */,
				FE7CAAF41F2237750066FBF1 /* Products */,
				F1B4276D47CF80F2B9813D12 /* Pods */,
				1C3DF7778F7970F196D44210 /* Frameworks */,
			);
			sourceTree = "<group>";
		};
		FE7CAAF41F2237750066FBF1 /* Products */ = {
			isa = PBXGroup;
			children = (
				FE7CAAF31F2237750066FBF1 /* CocoaSwiftPlayer.app */,
			);
			name = Products;
			sourceTree = "<group>";
		};
		FE7CAAF51F2237750066FBF1 /* CocoaSwiftPlayer */ = {
			isa = PBXGroup;
			children = (
				FE7CAAF61F2237750066FBF1 /* AppDelegate.swift */,
				FE7CAAF81F2237750066FBF1 /* ViewController.swift */,
				FE7CAAFA1F2237760066FBF1 /* Assets.xcassets */,
				FE7CAAFC1F2237760066FBF1 /* Main.storyboard */,
				FE7CAAFF1F2237760066FBF1 /* Info.plist */,
			);
			path = CocoaSwiftPlayer;
			sourceTree = "<group>";
		};
/* End PBXGroup section */

/* Begin PBXNativeTarget section */
		FE7CAAF21F2237750066FBF1 /* CocoaSwiftPlayer */ = {
			isa = PBXNativeTarget;
			buildConfigurationList = FE7CAB021F2237760066FBF1 /* Build configuration list for PBXNativeTarget "CocoaSwiftPlayer" */;
			buildPhases = (
				5624AB3249F5F156B13D6CCC /* [CP] Check Pods Manifest.lock */,
				FE7CAAEF1F2237750066FBF1 /* Sources */,
				FE7CAAF01F2237750066FBF1 /* Frameworks */,
				FE7CAAF11F2237750066FBF1 /* Resources */,
				FF3D1FA7228CB4C2CF634E5B /* [CP] Embed Pods Frameworks */,
				8EECE16A403EE586CD264196 /* [CP] Copy Pods Resources */,
			);
			buildRules = (
			);
			dependencies = (
			);
			name = CocoaSwiftPlayer;
			productName = CocoaSwiftPlayer;
			productReference = FE7CAAF31F2237750066FBF1 /* CocoaSwiftPlayer.app */;
			productType = "com.apple.product-type.application";
		};
/* End PBXNativeTarget section */

/* Begin PBXProject section */
		FE7CAAEB1F2237750066FBF1 /* Project object */ = {
			isa = PBXProject;
			attributes = {
				LastSwiftUpdateCheck = 0820;
				LastUpgradeCheck = 0820;
				ORGANIZATIONNAME = "priti suthar";
				TargetAttributes = {
					FE7CAAF21F2237750066FBF1 = {
						CreatedOnToolsVersion = 8.2.1;
						ProvisioningStyle = Automatic;
					};
				};
			};
			buildConfigurationList = FE7CAAEE1F2237750066FBF1 /* Build configuration list for PBXProject "CocoaSwiftPlayer" */;
			compatibilityVersion = "Xcode 3.2";
			developmentRegion = English;
			hasScannedForEncodings = 0;
			knownRegions = (
				en,
				Base,
			);
			mainGroup = FE7CAAEA1F2237750066FBF1;
			productRefGroup = FE7CAAF41F2237750066FBF1 /* Products */;
			projectDirPath = "";
			projectRoot = "";
			targets = (
				FE7CAAF21F2237750066FBF1 /* CocoaSwiftPlayer */,
			);
		};
/* End PBXProject section */

/* Begin PBXResourcesBuildPhase section */
		FE7CAAF11F2237750066FBF1 /* Resources */ = {
			isa = PBXResourcesBuildPhase;
			buildActionMask = 2147483647;
			files = (
				FE7CAAFB1F2237760066FBF1 /* Assets.xcassets in Resources */,
				FE7CAAFE1F2237760066FBF1 /* Main.storyboard in Resources */,
			);
			runOnlyForDeploymentPostprocessing = 0;
		};
/* End PBXResourcesBuildPhase section */

/* Begin PBXShellScriptBuildPhase section */
		5624AB3249F5F156B13D6CCC /* [CP] Check Pods Manifest.lock */ = {
			isa = PBXShellScriptBuildPhase;
			buildActionMask = 2147483647;
			files = (
			);
			inputPaths = (
			);
			name = "[CP] Check Pods Manifest.lock";
			outputPaths = (
			);
			runOnlyForDeploymentPostprocessing = 0;
			shellPath = /bin/sh;
			shellScript = "diff \"${PODS_PODFILE_DIR_PATH}/Podfile.lock\" \"${PODS_ROOT}/Manifest.lock\" > /dev/null\nif [ $? != 0 ] ; then\n    # print error to STDERR\n    echo \"error: The sandbox is not in sync with the Podfile.lock. Run 'pod install' or update your CocoaPods installation.\" >&2\n    exit 1\nfi\n";
			showEnvVarsInLog = 0;
		};
		8EECE16A403EE586CD264196 /* [CP] Copy Pods Resources */ = {
			isa = PBXShellScriptBuildPhase;
			buildActionMask = 2147483647;
			files = (
			);
			inputPaths = (
			);
			name = "[CP] Copy Pods Resources";
			outputPaths = (
			);
			runOnlyForDeploymentPostprocessing = 0;
			shellPath = /bin/sh;
			shellScript = "\"${SRCROOT}/Pods/Target Support Files/Pods-CocoaSwiftPlayer/Pods-CocoaSwiftPlayer-resources.sh\"\n";
			showEnvVarsInLog = 0;
		};
		FF3D1FA7228CB4C2CF634E5B /* [CP] Embed Pods Frameworks */ = {
			isa = PBXShellScriptBuildPhase;
			buildActionMask = 2147483647;
			files = (
			);
			inputPaths = (
			);
			name = "[CP] Embed Pods Frameworks";
			outputPaths = (
			);
			runOnlyForDeploymentPostprocessing = 0;
			shellPath = /bin/sh;
			shellScript = "\"${SRCROOT}/Pods/Target Support Files/Pods-CocoaSwiftPlayer/Pods-CocoaSwiftPlayer-frameworks.sh\"\n";
			showEnvVarsInLog = 0;
		};
/* End PBXShellScriptBuildPhase section */

/* Begin PBXSourcesBuildPhase section */
		FE7CAAEF1F2237750066FBF1 /* Sources */ = {
			isa = PBXSourcesBuildPhase;
			buildActionMask = 2147483647;
			files = (
				FE7CAAF91F2237750066FBF1 /* ViewController.swift in Sources */,
				FE7CAAF71F2237750066FBF1 /* AppDelegate.swift in Sources */,
			);
			runOnlyForDeploymentPostprocessing = 0;
		};
/* End PBXSourcesBuildPhase section */

/* Begin PBXVariantGroup section */
		FE7CAAFC1F2237760066FBF1 /* Main.storyboard */ = {
			isa = PBXVariantGroup;
			children = (
				FE7CAAFD1F2237760066FBF1 /* Base */,
			);
			name = Main.storyboard;
			sourceTree = "<group>";
		};
/* End PBXVariantGroup section */

/* Begin XCBuildConfiguration section */
		FE7CAB001F2237760066FBF1 /* Debug */ = {
			isa = XCBuildConfiguration;
			buildSettings = {
				ALWAYS_SEARCH_USER_PATHS = NO;
				CLANG_ANALYZER_NONNULL = YES;
				CLANG_CXX_LANGUAGE_STANDARD = "gnu++0x";
				CLANG_CXX_LIBRARY = "libc++";
				CLANG_ENABLE_MODULES = YES;
				CLANG_ENABLE_OBJC_ARC = YES;
				CLANG_WARN_BOOL_CONVERSION = YES;
				CLANG_WARN_CONSTANT_CONVERSION = YES;
				CLANG_WARN_DIRECT_OBJC_ISA_USAGE = YES_ERROR;
				CLANG_WARN_DOCUMENTATION_COMMENTS = YES;
				CLANG_WARN_EMPTY_BODY = YES;
				CLANG_WARN_ENUM_CONVERSION = YES;
				CLANG_WARN_INFINITE_RECURSION = YES;
				CLANG_WARN_INT_CONVERSION = YES;
				CLANG_WARN_OBJC_ROOT_CLASS = YES_ERROR;
				CLANG_WARN_SUSPICIOUS_MOVE = YES;
				CLANG_WARN_UNREACHABLE_CODE = YES;
				CLANG_WARN__DUPLICATE_METHOD_MATCH = YES;
				CODE_SIGN_IDENTITY = "-";
				COPY_PHASE_STRIP = NO;
				DEBUG_INFORMATION_FORMAT = dwarf;
				ENABLE_STRICT_OBJC_MSGSEND = YES;
				ENABLE_TESTABILITY = YES;
				GCC_C_LANGUAGE_STANDARD = gnu99;
				GCC_DYNAMIC_NO_PIC = NO;
				GCC_NO_COMMON_BLOCKS = YES;
				GCC_OPTIMIZATION_LEVEL = 0;
				GCC_PREPROCESSOR_DEFINITIONS = (
					"DEBUG=1",
					"$(inherited)",
				);
				GCC_WARN_64_TO_32_BIT_CONVERSION = YES;
				GCC_WARN_ABOUT_RETURN_TYPE = YES_ERROR;
				GCC_WARN_UNDECLARED_SELECTOR = YES;
				GCC_WARN_UNINITIALIZED_AUTOS = YES_AGGRESSIVE;
				GCC_WARN_UNUSED_FUNCTION = YES;
				GCC_WARN_UNUSED_VARIABLE = YES;
				MACOSX_DEPLOYMENT_TARGET = 10.12;
				MTL_ENABLE_DEBUG_INFO = YES;
				ONLY_ACTIVE_ARCH = YES;
				SDKROOT = macosx;
				SWIFT_ACTIVE_COMPILATION_CONDITIONS = DEBUG;
				SWIFT_OPTIMIZATION_LEVEL = "-Onone";
			};
			name = Debug;
		};
		FE7CAB011F2237760066FBF1 /* Release */ = {
			isa = XCBuildConfiguration;
			buildSettings = {
				ALWAYS_SEARCH_USER_PATHS = NO;
				CLANG_ANALYZER_NONNULL = YES;
				CLANG_CXX_LANGUAGE_STANDARD = "gnu++0x";
				CLANG_CXX_LIBRARY = "libc++";
				CLANG_ENABLE_MODULES = YES;
				CLANG_ENABLE_OBJC_ARC = YES;
				CLANG_WARN_BOOL_CONVERSION = YES;
				CLANG_WARN_CONSTANT_CONVERSION = YES;
				CLANG_WARN_DIRECT_OBJC_ISA_USAGE = YES_ERROR;
				CLANG_WARN_DOCUMENTATION_COMMENTS = YES;
				CLANG_WARN_EMPTY_BODY = YES;
				CLANG_WARN_ENUM_CONVERSION = YES;
				CLANG_WARN_INFINITE_RECURSION = YES;
				CLANG_WARN_INT_CONVERSION = YES;
				CLANG_WARN_OBJC_ROOT_CLASS = YES_ERROR;
				CLANG_WARN_SUSPICIOUS_MOVE = YES;
				CLANG_WARN_UNREACHABLE_CODE = YES;
				CLANG_WARN__DUPLICATE_METHOD_MATCH = YES;
				CODE_SIGN_IDENTITY = "-";
				COPY_PHASE_STRIP = NO;
				DEBUG_INFORMATION_FORMAT = "dwarf-with-dsym";
				ENABLE_NS_ASSERTIONS = NO;
				ENABLE_STRICT_OBJC_MSGSEND = YES;
				GCC_C_LANGUAGE_STANDARD = gnu99;
				GCC_NO_COMMON_BLOCKS = YES;
				GCC_WARN_64_TO_32_BIT_CONVERSION = YES;
				GCC_WARN_ABOUT_RETURN_TYPE = YES_ERROR;
				GCC_WARN_UNDECLARED_SELECTOR = YES;
				GCC_WARN_UNINITIALIZED_AUTOS = YES_AGGRESSIVE;
				GCC_WARN_UNUSED_FUNCTION = YES;
				GCC_WARN_UNUSED_VARIABLE = YES;
				MACOSX_DEPLOYMENT_TARGET = 10.12;
				MTL_ENABLE_DEBUG_INFO = NO;
				SDKROOT = macosx;
				SWIFT_OPTIMIZATION_LEVEL = "-Owholemodule";
			};
			name = Release;
		};
		FE7CAB031F2237760066FBF1 /* Debug */ = {
			isa = XCBuildConfiguration;
			baseConfigurationReference = 9C18C0A35C12729B9F3B5FF7 /* Pods-CocoaSwiftPlayer.debug.xcconfig */;
			buildSettings = {
				ASSETCATALOG_COMPILER_APPICON_NAME = AppIcon;
				COMBINE_HIDPI_IMAGES = YES;
				INFOPLIST_FILE = CocoaSwiftPlayer/Info.plist;
				LD_RUNPATH_SEARCH_PATHS = "$(inherited) @executable_path/../Frameworks";
				MACOSX_DEPLOYMENT_TARGET = 10.11;
				PRODUCT_BUNDLE_IDENTIFIER = "priti-suthar.CocoaSwiftPlayer";
				PRODUCT_NAME = "$(TARGET_NAME)";
				SWIFT_VERSION = 3.0;
			};
			name = Debug;
		};
		FE7CAB041F2237760066FBF1 /* Release */ = {
			isa = XCBuildConfiguration;
			baseConfigurationReference = 1E36534D6E3C924E4D1F1369 /* Pods-CocoaSwiftPlayer.release.xcconfig */;
			buildSettings = {
				ASSETCATALOG_COMPILER_APPICON_NAME = AppIcon;
				COMBINE_HIDPI_IMAGES = YES;
				INFOPLIST_FILE = CocoaSwiftPlayer/Info.plist;
				LD_RUNPATH_SEARCH_PATHS = "$(inherited) @executable_path/../Frameworks";
				MACOSX_DEPLOYMENT_TARGET = 10.11;
				PRODUCT_BUNDLE_IDENTIFIER = "priti-suthar.CocoaSwiftPlayer";
				PRODUCT_NAME = "$(TARGET_NAME)";
				SWIFT_VERSION = 3.0;
			};
			name = Release;
		};
/* End XCBuildConfiguration section */

/* Begin XCConfigurationList section */
		FE7CAAEE1F2237750066FBF1 /* Build configuration list for PBXProject "CocoaSwiftPlayer" */ = {
			isa = XCConfigurationList;
			buildConfigurations = (
				FE7CAB001F2237760066FBF1 /* Debug */,
				FE7CAB011F2237760066FBF1 /* Release */,
			);
			defaultConfigurationIsVisible = 0;
			defaultConfigurationName = Release;
		};
		FE7CAB021F2237760066FBF1 /* Build configuration list for PBXNativeTarget "CocoaSwiftPlayer" */ = {
			isa = XCConfigurationList;
			buildConfigurations = (
				FE7CAB031F2237760066FBF1 /* Debug */,
				FE7CAB041F2237760066FBF1 /* Release */,
			);
			defaultConfigurationIsVisible = 0;
		};
/* End XCConfigurationList section */
	};
	rootObject = FE7CAAEB1F2237750066FBF1 /* Project object */;
}
